
Microsoft Visual Studio Solution File, Format Version 12.00
# Visual Studio Version 16
VisualStudioVersion = 16.0.30503.244
MinimumVisualStudioVersion = 15.0.26124.0
Project("{9A19103F-16F7-4668-BE54-9A1E7A4F7556}") = "CodeCube.StatusCodes", "CodeCube.StatusCodes\CodeCube.StatusCodes.csproj", "{CDA62DBC-BC27-4850-9DB1-D49348A2AFE3}"
EndProject
Project("{2150E333-8FDC-42A3-9474-1A3956D46DE8}") = "Solution items", "Solution items", "{60C4322A-9A58-4D61-A4A4-5B1FD4462CB6}"
	ProjectSection(SolutionItems) = preProject
		nuget-icon.png = nuget-icon.png
		README.md = README.md
	EndProjectSection
EndProject
Global
	GlobalSection(SolutionConfigurationPlatforms) = preSolution
		Debug|Any CPU = Debug|Any CPU
		Debug|x64 = Debug|x64
		Debug|x86 = Debug|x86
		Release|Any CPU = Release|Any CPU
		Release|x64 = Release|x64
		Release|x86 = Release|x86
	EndGlobalSection
	GlobalSection(ProjectConfigurationPlatforms) = postSolution
		{CDA62DBC-BC27-4850-9DB1-D49348A2AFE3}.Debug|Any CPU.ActiveCfg = Debug|Any CPU
		{CDA62DBC-BC27-4850-9DB1-D49348A2AFE3}.Debug|Any CPU.Build.0 = Debug|Any CPU
		{CDA62DBC-BC27-4850-9DB1-D49348A2AFE3}.Debug|x64.ActiveCfg = Debug|Any CPU
		{CDA62DBC-BC27-4850-9DB1-D49348A2AFE3}.Debug|x64.Build.0 = Debug|Any CPU
		{CDA62DBC-BC27-4850-9DB1-D49348A2AFE3}.Debug|x86.ActiveCfg = Debug|Any CPU
		{CDA62DBC-BC27-4850-9DB1-D49348A2AFE3}.Debug|x86.Build.0 = Debug|Any CPU
		{CDA62DBC-BC27-4850-9DB1-D49348A2AFE3}.Release|Any CPU.ActiveCfg = Release|Any CPU
		{CDA62DBC-BC27-4850-9DB1-D49348A2AFE3}.Release|Any CPU.Build.0 = Release|Any CPU
		{CDA62DBC-BC27-4850-9DB1-D49348A2AFE3}.Release|x64.ActiveCfg = Release|Any CPU
		{CDA62DBC-BC27-4850-9DB1-D49348A2AFE3}.Release|x64.Build.0 = Release|Any CPU
		{CDA62DBC-BC27-4850-9DB1-D49348A2AFE3}.Release|x86.ActiveCfg = Release|Any CPU
		{CDA62DBC-BC27-4850-9DB1-D49348A2AFE3}.Release|x86.Build.0 = Release|Any CPU
	EndGlobalSection
	GlobalSection(SolutionProperties) = preSolution
		HideSolutionNode = FALSE
	EndGlobalSection
	GlobalSection(ExtensibilityGlobals) = postSolution
		SolutionGuid = {45332164-C168-42F4-BE26-9FF0F49C77E8}
	EndGlobalSection
EndGlobal
